// !$*UTF8*$!
{
	archiveVersion = 1;
	classes = {
	};
	objectVersion = 56;
	objects = {

/* Begin PBXBuildFile section */
		B90D0E362BB1FDF7000F6DDB /* _5HardApp.swift in Sources */ = {isa = PBXBuildFile; fileRef = B90D0E352BB1FDF7000F6DDB /* _5HardApp.swift */; };
		B90D0E382BB1FDF7000F6DDB /* HomeScreen.swift in Sources */ = {isa = PBXBuildFile; fileRef = B90D0E372BB1FDF7000F6DDB /* HomeScreen.swift */; };
		B90D0E3A2BB1FDFC000F6DDB /* Assets.xcassets in Resources */ = {isa = PBXBuildFile; fileRef = B90D0E392BB1FDFC000F6DDB /* Assets.xcassets */; };
		B90D0E3D2BB1FDFC000F6DDB /* Preview Assets.xcassets in Resources */ = {isa = PBXBuildFile; fileRef = B90D0E3C2BB1FDFC000F6DDB /* Preview Assets.xcassets */; };
		B90D0E472BB1FDFD000F6DDB /* _5HardTests.swift in Sources */ = {isa = PBXBuildFile; fileRef = B90D0E462BB1FDFD000F6DDB /* _5HardTests.swift */; };
		B90D0E512BB1FDFD000F6DDB /* _5HardUITests.swift in Sources */ = {isa = PBXBuildFile; fileRef = B90D0E502BB1FDFD000F6DDB /* _5HardUITests.swift */; };
		B90D0E532BB1FDFD000F6DDB /* _5HardUITestsLaunchTests.swift in Sources */ = {isa = PBXBuildFile; fileRef = B90D0E522BB1FDFD000F6DDB /* _5HardUITestsLaunchTests.swift */; };
		B90D0E602BB20090000F6DDB /* Header.swift in Sources */ = {isa = PBXBuildFile; fileRef = B90D0E5F2BB20090000F6DDB /* Header.swift */; };
		B90D0E622BB2048E000F6DDB /* ChallengeElement.swift in Sources */ = {isa = PBXBuildFile; fileRef = B90D0E612BB2048E000F6DDB /* ChallengeElement.swift */; };
		B90D0E642BB20A79000F6DDB /* _ChallengeList.swift in Sources */ = {isa = PBXBuildFile; fileRef = B90D0E632BB20A79000F6DDB /* _ChallengeList.swift */; };
		B90D0E662BB20B5C000F6DDB /* Challenge.swift in Sources */ = {isa = PBXBuildFile; fileRef = B90D0E652BB20B5C000F6DDB /* Challenge.swift */; };
		B91C68DF2BBE92C40048A62C /* DaysGrid.swift in Sources */ = {isa = PBXBuildFile; fileRef = B91C68DE2BBE92C40048A62C /* DaysGrid.swift */; };
		B93293D12BB62E9E00396693 /* DevSheet.swift in Sources */ = {isa = PBXBuildFile; fileRef = B93293D02BB62E9D00396693 /* DevSheet.swift */; };
		B9332CE02BB2E30A000495D0 /* DataStore.swift in Sources */ = {isa = PBXBuildFile; fileRef = B9332CDF2BB2E30A000495D0 /* DataStore.swift */; };
		B936426B2BBB19A800A80DFB /* SplashScreen.swift in Sources */ = {isa = PBXBuildFile; fileRef = B936426A2BBB19A800A80DFB /* SplashScreen.swift */; };
		B93E7D4D2BB245AA0002EDFA /* CalendarScreen.swift in Sources */ = {isa = PBXBuildFile; fileRef = B93E7D4C2BB245AA0002EDFA /* CalendarScreen.swift */; };
		B96559862BB4C787005F5B11 /* HealthStore.swift in Sources */ = {isa = PBXBuildFile; fileRef = B96559852BB4C787005F5B11 /* HealthStore.swift */; };
		B96929AF2BBDAE28006326B0 /* ChallengeConstructElement.swift in Sources */ = {isa = PBXBuildFile; fileRef = B96929AE2BBDAE28006326B0 /* ChallengeConstructElement.swift */; };
		B96929B12BBDC02F006326B0 /* _ChallengeConstructList.swift in Sources */ = {isa = PBXBuildFile; fileRef = B96929B02BBDC02E006326B0 /* _ChallengeConstructList.swift */; };
		B96A05F82BB9908D0031BD48 /* ChallengeGrid.swift in Sources */ = {isa = PBXBuildFile; fileRef = B96A05F72BB9908D0031BD48 /* ChallengeGrid.swift */; };
		B9719F992BBE872F00108347 /* NavigationState.swift in Sources */ = {isa = PBXBuildFile; fileRef = B9719F982BBE872F00108347 /* NavigationState.swift */; };
		B9719F9B2BBE8A1100108347 /* ContentView.swift in Sources */ = {isa = PBXBuildFile; fileRef = B9719F9A2BBE8A1100108347 /* ContentView.swift */; };
		B974F4302BBD7FD400EF111F /* EditChallengesSheet.swift in Sources */ = {isa = PBXBuildFile; fileRef = B974F42F2BBD7FD400EF111F /* EditChallengesSheet.swift */; };
		B974F4322BBD848600EF111F /* SelectChallengesScreen.swift in Sources */ = {isa = PBXBuildFile; fileRef = B974F4312BBD848600EF111F /* SelectChallengesScreen.swift */; };
		B974F4372BBD8E4500EF111F /* ChallengeConstruct.swift in Sources */ = {isa = PBXBuildFile; fileRef = B974F4362BBD8E4500EF111F /* ChallengeConstruct.swift */; };
		B99E685A2BB2CA9E00ACC32E /* DateElement.swift in Sources */ = {isa = PBXBuildFile; fileRef = B99E68592BB2CA9E00ACC32E /* DateElement.swift */; };
		B99E685C2BB2D2B000ACC32E /* ChallengeDay.swift in Sources */ = {isa = PBXBuildFile; fileRef = B99E685B2BB2D2B000ACC32E /* ChallengeDay.swift */; };
		B99E685E2BB2DB8C00ACC32E /* _ChallengeDayList.swift in Sources */ = {isa = PBXBuildFile; fileRef = B99E685D2BB2DB8C00ACC32E /* _ChallengeDayList.swift */; };
		B9CBF1D32BB23283002BBB25 /* ProgressBar.swift in Sources */ = {isa = PBXBuildFile; fileRef = B9CBF1D22BB23283002BBB25 /* ProgressBar.swift */; };
		B9EA8EDD2BBC8B76000ECE54 /* StepDataConsentScreen.swift in Sources */ = {isa = PBXBuildFile; fileRef = B9EA8EDC2BBC8B76000ECE54 /* StepDataConsentScreen.swift */; };
/* End PBXBuildFile section */

/* Begin PBXContainerItemProxy section */
		B90D0E432BB1FDFD000F6DDB /* PBXContainerItemProxy */ = {
			isa = PBXContainerItemProxy;
			containerPortal = B90D0E2A2BB1FDF7000F6DDB /* Project object */;
			proxyType = 1;
			remoteGlobalIDString = B90D0E312BB1FDF7000F6DDB;
			remoteInfo = 75Hard;
		};
		B90D0E4D2BB1FDFD000F6DDB /* PBXContainerItemProxy */ = {
			isa = PBXContainerItemProxy;
			containerPortal = B90D0E2A2BB1FDF7000F6DDB /* Project object */;
			proxyType = 1;
			remoteGlobalIDString = B90D0E312BB1FDF7000F6DDB;
			remoteInfo = 75Hard;
		};
/* End PBXContainerItemProxy section */

/* Begin PBXFileReference section */
		B90D0E322BB1FDF7000F6DDB /* 75Hard.app */ = {isa = PBXFileReference; explicitFileType = wrapper.application; includeInIndex = 0; path = 75Hard.app; sourceTree = BUILT_PRODUCTS_DIR; };
		B90D0E352BB1FDF7000F6DDB /* _5HardApp.swift */ = {isa = PBXFileReference; lastKnownFileType = sourcecode.swift; path = _5HardApp.swift; sourceTree = "<group>"; };
		B90D0E372BB1FDF7000F6DDB /* HomeScreen.swift */ = {isa = PBXFileReference; lastKnownFileType = sourcecode.swift; path = HomeScreen.swift; sourceTree = "<group>"; };
		B90D0E392BB1FDFC000F6DDB /* Assets.xcassets */ = {isa = PBXFileReference; lastKnownFileType = folder.assetcatalog; path = Assets.xcassets; sourceTree = "<group>"; };
		B90D0E3C2BB1FDFC000F6DDB /* Preview Assets.xcassets */ = {isa = PBXFileReference; lastKnownFileType = folder.assetcatalog; path = "Preview Assets.xcassets"; sourceTree = "<group>"; };
		B90D0E422BB1FDFD000F6DDB /* 75HardTests.xctest */ = {isa = PBXFileReference; explicitFileType = wrapper.cfbundle; includeInIndex = 0; path = 75HardTests.xctest; sourceTree = BUILT_PRODUCTS_DIR; };
		B90D0E462BB1FDFD000F6DDB /* _5HardTests.swift */ = {isa = PBXFileReference; lastKnownFileType = sourcecode.swift; path = _5HardTests.swift; sourceTree = "<group>"; };
		B90D0E4C2BB1FDFD000F6DDB /* 75HardUITests.xctest */ = {isa = PBXFileReference; explicitFileType = wrapper.cfbundle; includeInIndex = 0; path = 75HardUITests.xctest; sourceTree = BUILT_PRODUCTS_DIR; };
		B90D0E502BB1FDFD000F6DDB /* _5HardUITests.swift */ = {isa = PBXFileReference; lastKnownFileType = sourcecode.swift; path = _5HardUITests.swift; sourceTree = "<group>"; };
		B90D0E522BB1FDFD000F6DDB /* _5HardUITestsLaunchTests.swift */ = {isa = PBXFileReference; lastKnownFileType = sourcecode.swift; path = _5HardUITestsLaunchTests.swift; sourceTree = "<group>"; };
		B90D0E5F2BB20090000F6DDB /* Header.swift */ = {isa = PBXFileReference; lastKnownFileType = sourcecode.swift; path = Header.swift; sourceTree = "<group>"; };
		B90D0E612BB2048E000F6DDB /* ChallengeElement.swift */ = {isa = PBXFileReference; lastKnownFileType = sourcecode.swift; path = ChallengeElement.swift; sourceTree = "<group>"; };
		B90D0E632BB20A79000F6DDB /* _ChallengeList.swift */ = {isa = PBXFileReference; lastKnownFileType = sourcecode.swift; path = _ChallengeList.swift; sourceTree = "<group>"; };
		B90D0E652BB20B5C000F6DDB /* Challenge.swift */ = {isa = PBXFileReference; lastKnownFileType = sourcecode.swift; path = Challenge.swift; sourceTree = "<group>"; };
		B91C68DE2BBE92C40048A62C /* DaysGrid.swift */ = {isa = PBXFileReference; lastKnownFileType = sourcecode.swift; path = DaysGrid.swift; sourceTree = "<group>"; };
		B93293D02BB62E9D00396693 /* DevSheet.swift */ = {isa = PBXFileReference; lastKnownFileType = sourcecode.swift; path = DevSheet.swift; sourceTree = "<group>"; };
		B9332CDF2BB2E30A000495D0 /* DataStore.swift */ = {isa = PBXFileReference; lastKnownFileType = sourcecode.swift; path = DataStore.swift; sourceTree = "<group>"; };
		B936426A2BBB19A800A80DFB /* SplashScreen.swift */ = {isa = PBXFileReference; lastKnownFileType = sourcecode.swift; path = SplashScreen.swift; sourceTree = "<group>"; };
		B93E7D4C2BB245AA0002EDFA /* CalendarScreen.swift */ = {isa = PBXFileReference; lastKnownFileType = sourcecode.swift; path = CalendarScreen.swift; sourceTree = "<group>"; };
		B96559852BB4C787005F5B11 /* HealthStore.swift */ = {isa = PBXFileReference; lastKnownFileType = sourcecode.swift; path = HealthStore.swift; sourceTree = "<group>"; };
		B96559872BB4CA23005F5B11 /* 75Hard.entitlements */ = {isa = PBXFileReference; lastKnownFileType = text.plist.entitlements; path = 75Hard.entitlements; sourceTree = "<group>"; };
		B96929AE2BBDAE28006326B0 /* ChallengeConstructElement.swift */ = {isa = PBXFileReference; lastKnownFileType = sourcecode.swift; path = ChallengeConstructElement.swift; sourceTree = "<group>"; };
		B96929B02BBDC02E006326B0 /* _ChallengeConstructList.swift */ = {isa = PBXFileReference; lastKnownFileType = sourcecode.swift; path = _ChallengeConstructList.swift; sourceTree = "<group>"; };
		B96A05F72BB9908D0031BD48 /* ChallengeGrid.swift */ = {isa = PBXFileReference; lastKnownFileType = sourcecode.swift; path = ChallengeGrid.swift; sourceTree = "<group>"; };
		B9719F982BBE872F00108347 /* NavigationState.swift */ = {isa = PBXFileReference; lastKnownFileType = sourcecode.swift; path = NavigationState.swift; sourceTree = "<group>"; };
		B9719F9A2BBE8A1100108347 /* ContentView.swift */ = {isa = PBXFileReference; lastKnownFileType = sourcecode.swift; path = ContentView.swift; sourceTree = "<group>"; };
		B974F42F2BBD7FD400EF111F /* EditChallengesSheet.swift */ = {isa = PBXFileReference; lastKnownFileType = sourcecode.swift; path = EditChallengesSheet.swift; sourceTree = "<group>"; };
		B974F4312BBD848600EF111F /* SelectChallengesScreen.swift */ = {isa = PBXFileReference; lastKnownFileType = sourcecode.swift; path = SelectChallengesScreen.swift; sourceTree = "<group>"; };
		B974F4362BBD8E4500EF111F /* ChallengeConstruct.swift */ = {isa = PBXFileReference; lastKnownFileType = sourcecode.swift; path = ChallengeConstruct.swift; sourceTree = "<group>"; };
		B99E68592BB2CA9E00ACC32E /* DateElement.swift */ = {isa = PBXFileReference; lastKnownFileType = sourcecode.swift; path = DateElement.swift; sourceTree = "<group>"; };
		B99E685B2BB2D2B000ACC32E /* ChallengeDay.swift */ = {isa = PBXFileReference; lastKnownFileType = sourcecode.swift; path = ChallengeDay.swift; sourceTree = "<group>"; };
		B99E685D2BB2DB8C00ACC32E /* _ChallengeDayList.swift */ = {isa = PBXFileReference; lastKnownFileType = sourcecode.swift; path = _ChallengeDayList.swift; sourceTree = "<group>"; };
		B9CBF1D22BB23283002BBB25 /* ProgressBar.swift */ = {isa = PBXFileReference; lastKnownFileType = sourcecode.swift; path = ProgressBar.swift; sourceTree = "<group>"; };
		B9EA8EDC2BBC8B76000ECE54 /* StepDataConsentScreen.swift */ = {isa = PBXFileReference; lastKnownFileType = sourcecode.swift; path = StepDataConsentScreen.swift; sourceTree = "<group>"; };
/* End PBXFileReference section */

/* Begin PBXFrameworksBuildPhase section */
		B90D0E2F2BB1FDF7000F6DDB /* Frameworks */ = {
			isa = PBXFrameworksBuildPhase;
			buildActionMask = 2147483647;
			files = (
			);
			runOnlyForDeploymentPostprocessing = 0;
		};
		B90D0E3F2BB1FDFD000F6DDB /* Frameworks */ = {
			isa = PBXFrameworksBuildPhase;
			buildActionMask = 2147483647;
			files = (
			);
			runOnlyForDeploymentPostprocessing = 0;
		};
		B90D0E492BB1FDFD000F6DDB /* Frameworks */ = {
			isa = PBXFrameworksBuildPhase;
			buildActionMask = 2147483647;
			files = (
			);
			runOnlyForDeploymentPostprocessing = 0;
		};
/* End PBXFrameworksBuildPhase section */

/* Begin PBXGroup section */
		B90D0E292BB1FDF7000F6DDB = {
			isa = PBXGroup;
			children = (
				B90D0E342BB1FDF7000F6DDB /* 75Hard */,
				B90D0E452BB1FDFD000F6DDB /* 75HardTests */,
				B90D0E4F2BB1FDFD000F6DDB /* 75HardUITests */,
				B90D0E332BB1FDF7000F6DDB /* Products */,
			);
			sourceTree = "<group>";
		};
		B90D0E332BB1FDF7000F6DDB /* Products */ = {
			isa = PBXGroup;
			children = (
				B90D0E322BB1FDF7000F6DDB /* 75Hard.app */,
				B90D0E422BB1FDFD000F6DDB /* 75HardTests.xctest */,
				B90D0E4C2BB1FDFD000F6DDB /* 75HardUITests.xctest */,
			);
			name = Products;
			sourceTree = "<group>";
		};
		B90D0E342BB1FDF7000F6DDB /* 75Hard */ = {
			isa = PBXGroup;
			children = (
				B92284C12BB6DA1500DCE11C /* Controller */,
				B92284C02BB6DA0200DCE11C /* Views */,
				B92284BF2BB6D9E500DCE11C /* Models */,
				B96559872BB4CA23005F5B11 /* 75Hard.entitlements */,
				B90D0E352BB1FDF7000F6DDB /* _5HardApp.swift */,
				B90D0E392BB1FDFC000F6DDB /* Assets.xcassets */,
				B90D0E3B2BB1FDFC000F6DDB /* Preview Content */,
			);
			path = 75Hard;
			sourceTree = "<group>";
		};
		B90D0E3B2BB1FDFC000F6DDB /* Preview Content */ = {
			isa = PBXGroup;
			children = (
				B90D0E3C2BB1FDFC000F6DDB /* Preview Assets.xcassets */,
			);
			path = "Preview Content";
			sourceTree = "<group>";
		};
		B90D0E452BB1FDFD000F6DDB /* 75HardTests */ = {
			isa = PBXGroup;
			children = (
				B90D0E462BB1FDFD000F6DDB /* _5HardTests.swift */,
			);
			path = 75HardTests;
			sourceTree = "<group>";
		};
		B90D0E4F2BB1FDFD000F6DDB /* 75HardUITests */ = {
			isa = PBXGroup;
			children = (
				B90D0E502BB1FDFD000F6DDB /* _5HardUITests.swift */,
				B90D0E522BB1FDFD000F6DDB /* _5HardUITestsLaunchTests.swift */,
			);
			path = 75HardUITests;
			sourceTree = "<group>";
		};
		B92284BF2BB6D9E500DCE11C /* Models */ = {
			isa = PBXGroup;
			children = (
				B90D0E652BB20B5C000F6DDB /* Challenge.swift */,
				B99E685B2BB2D2B000ACC32E /* ChallengeDay.swift */,
				B974F4362BBD8E4500EF111F /* ChallengeConstruct.swift */,
				B90D0E632BB20A79000F6DDB /* _ChallengeList.swift */,
				B99E685D2BB2DB8C00ACC32E /* _ChallengeDayList.swift */,
				B96929B02BBDC02E006326B0 /* _ChallengeConstructList.swift */,
				B9719F982BBE872F00108347 /* NavigationState.swift */,
			);
			path = Models;
			sourceTree = "<group>";
		};
		B92284C02BB6DA0200DCE11C /* Views */ = {
			isa = PBXGroup;
			children = (
				B974F4352BBD859E00EF111F /* Sheets */,
				B974F4342BBD856F00EF111F /* Elements */,
				B974F4332BBD849E00EF111F /* Screens */,
			);
			path = Views;
			sourceTree = "<group>";
		};
		B92284C12BB6DA1500DCE11C /* Controller */ = {
			isa = PBXGroup;
			children = (
				B9332CDF2BB2E30A000495D0 /* DataStore.swift */,
				B96559852BB4C787005F5B11 /* HealthStore.swift */,
			);
			path = Controller;
			sourceTree = "<group>";
		};
		B974F4332BBD849E00EF111F /* Screens */ = {
			isa = PBXGroup;
			children = (
				B936426A2BBB19A800A80DFB /* SplashScreen.swift */,
				B9EA8EDC2BBC8B76000ECE54 /* StepDataConsentScreen.swift */,
				B90D0E372BB1FDF7000F6DDB /* HomeScreen.swift */,
				B93E7D4C2BB245AA0002EDFA /* CalendarScreen.swift */,
				B974F4312BBD848600EF111F /* SelectChallengesScreen.swift */,
				B9719F9A2BBE8A1100108347 /* ContentView.swift */,
			);
			path = Screens;
			sourceTree = "<group>";
		};
		B974F4342BBD856F00EF111F /* Elements */ = {
			isa = PBXGroup;
			children = (
				B90D0E5F2BB20090000F6DDB /* Header.swift */,
				B9CBF1D22BB23283002BBB25 /* ProgressBar.swift */,
				B99E68592BB2CA9E00ACC32E /* DateElement.swift */,
				B90D0E612BB2048E000F6DDB /* ChallengeElement.swift */,
				B96A05F72BB9908D0031BD48 /* ChallengeGrid.swift */,
				B96929AE2BBDAE28006326B0 /* ChallengeConstructElement.swift */,
				B91C68DE2BBE92C40048A62C /* DaysGrid.swift */,
			);
			path = Elements;
			sourceTree = "<group>";
		};
		B974F4352BBD859E00EF111F /* Sheets */ = {
			isa = PBXGroup;
			children = (
				B974F42F2BBD7FD400EF111F /* EditChallengesSheet.swift */,
				B93293D02BB62E9D00396693 /* DevSheet.swift */,
			);
			path = Sheets;
			sourceTree = "<group>";
		};
/* End PBXGroup section */

/* Begin PBXNativeTarget section */
		B90D0E312BB1FDF7000F6DDB /* 75Hard */ = {
			isa = PBXNativeTarget;
			buildConfigurationList = B90D0E562BB1FDFD000F6DDB /* Build configuration list for PBXNativeTarget "75Hard" */;
			buildPhases = (
				B90D0E2E2BB1FDF7000F6DDB /* Sources */,
				B90D0E2F2BB1FDF7000F6DDB /* Frameworks */,
				B90D0E302BB1FDF7000F6DDB /* Resources */,
			);
			buildRules = (
			);
			dependencies = (
			);
			name = 75Hard;
			productName = 75Hard;
			productReference = B90D0E322BB1FDF7000F6DDB /* 75Hard.app */;
			productType = "com.apple.product-type.application";
		};
		B90D0E412BB1FDFD000F6DDB /* 75HardTests */ = {
			isa = PBXNativeTarget;
			buildConfigurationList = B90D0E592BB1FDFD000F6DDB /* Build configuration list for PBXNativeTarget "75HardTests" */;
			buildPhases = (
				B90D0E3E2BB1FDFD000F6DDB /* Sources */,
				B90D0E3F2BB1FDFD000F6DDB /* Frameworks */,
				B90D0E402BB1FDFD000F6DDB /* Resources */,
			);
			buildRules = (
			);
			dependencies = (
				B90D0E442BB1FDFD000F6DDB /* PBXTargetDependency */,
			);
			name = 75HardTests;
			productName = 75HardTests;
			productReference = B90D0E422BB1FDFD000F6DDB /* 75HardTests.xctest */;
			productType = "com.apple.product-type.bundle.unit-test";
		};
		B90D0E4B2BB1FDFD000F6DDB /* 75HardUITests */ = {
			isa = PBXNativeTarget;
			buildConfigurationList = B90D0E5C2BB1FDFD000F6DDB /* Build configuration list for PBXNativeTarget "75HardUITests" */;
			buildPhases = (
				B90D0E482BB1FDFD000F6DDB /* Sources */,
				B90D0E492BB1FDFD000F6DDB /* Frameworks */,
				B90D0E4A2BB1FDFD000F6DDB /* Resources */,
			);
			buildRules = (
			);
			dependencies = (
				B90D0E4E2BB1FDFD000F6DDB /* PBXTargetDependency */,
			);
			name = 75HardUITests;
			productName = 75HardUITests;
			productReference = B90D0E4C2BB1FDFD000F6DDB /* 75HardUITests.xctest */;
			productType = "com.apple.product-type.bundle.ui-testing";
		};
/* End PBXNativeTarget section */

/* Begin PBXProject section */
		B90D0E2A2BB1FDF7000F6DDB /* Project object */ = {
			isa = PBXProject;
			attributes = {
				BuildIndependentTargetsInParallel = 1;
				LastSwiftUpdateCheck = 1530;
				LastUpgradeCheck = 1530;
				TargetAttributes = {
					B90D0E312BB1FDF7000F6DDB = {
						CreatedOnToolsVersion = 15.3;
					};
					B90D0E412BB1FDFD000F6DDB = {
						CreatedOnToolsVersion = 15.3;
						TestTargetID = B90D0E312BB1FDF7000F6DDB;
					};
					B90D0E4B2BB1FDFD000F6DDB = {
						CreatedOnToolsVersion = 15.3;
						TestTargetID = B90D0E312BB1FDF7000F6DDB;
					};
				};
			};
			buildConfigurationList = B90D0E2D2BB1FDF7000F6DDB /* Build configuration list for PBXProject "75Hard" */;
			compatibilityVersion = "Xcode 14.0";
			developmentRegion = en;
			hasScannedForEncodings = 0;
			knownRegions = (
				en,
				Base,
			);
			mainGroup = B90D0E292BB1FDF7000F6DDB;
			productRefGroup = B90D0E332BB1FDF7000F6DDB /* Products */;
			projectDirPath = "";
			projectRoot = "";
			targets = (
				B90D0E312BB1FDF7000F6DDB /* 75Hard */,
				B90D0E412BB1FDFD000F6DDB /* 75HardTests */,
				B90D0E4B2BB1FDFD000F6DDB /* 75HardUITests */,
			);
		};
/* End PBXProject section */

/* Begin PBXResourcesBuildPhase section */
		B90D0E302BB1FDF7000F6DDB /* Resources */ = {
			isa = PBXResourcesBuildPhase;
			buildActionMask = 2147483647;
			files = (
				B90D0E3D2BB1FDFC000F6DDB /* Preview Assets.xcassets in Resources */,
				B90D0E3A2BB1FDFC000F6DDB /* Assets.xcassets in Resources */,
			);
			runOnlyForDeploymentPostprocessing = 0;
		};
		B90D0E402BB1FDFD000F6DDB /* Resources */ = {
			isa = PBXResourcesBuildPhase;
			buildActionMask = 2147483647;
			files = (
			);
			runOnlyForDeploymentPostprocessing = 0;
		};
		B90D0E4A2BB1FDFD000F6DDB /* Resources */ = {
			isa = PBXResourcesBuildPhase;
			buildActionMask = 2147483647;
			files = (
			);
			runOnlyForDeploymentPostprocessing = 0;
		};
/* End PBXResourcesBuildPhase section */

/* Begin PBXSourcesBuildPhase section */
		B90D0E2E2BB1FDF7000F6DDB /* Sources */ = {
			isa = PBXSourcesBuildPhase;
			buildActionMask = 2147483647;
			files = (
				B974F4322BBD848600EF111F /* SelectChallengesScreen.swift in Sources */,
				B9EA8EDD2BBC8B76000ECE54 /* StepDataConsentScreen.swift in Sources */,
				B9719F9B2BBE8A1100108347 /* ContentView.swift in Sources */,
				B90D0E382BB1FDF7000F6DDB /* HomeScreen.swift in Sources */,
				B93E7D4D2BB245AA0002EDFA /* CalendarScreen.swift in Sources */,
				B99E685E2BB2DB8C00ACC32E /* _ChallengeDayList.swift in Sources */,
				B93293D12BB62E9E00396693 /* DevSheet.swift in Sources */,
				B9332CE02BB2E30A000495D0 /* DataStore.swift in Sources */,
				B96929B12BBDC02F006326B0 /* _ChallengeConstructList.swift in Sources */,
				B974F4302BBD7FD400EF111F /* EditChallengesSheet.swift in Sources */,
				B90D0E642BB20A79000F6DDB /* _ChallengeList.swift in Sources */,
				B99E685C2BB2D2B000ACC32E /* ChallengeDay.swift in Sources */,
				B90D0E622BB2048E000F6DDB /* ChallengeElement.swift in Sources */,
				B91C68DF2BBE92C40048A62C /* DaysGrid.swift in Sources */,
				B936426B2BBB19A800A80DFB /* SplashScreen.swift in Sources */,
				B90D0E602BB20090000F6DDB /* Header.swift in Sources */,
				B9719F992BBE872F00108347 /* NavigationState.swift in Sources */,
				B90D0E662BB20B5C000F6DDB /* Challenge.swift in Sources */,
				B90D0E362BB1FDF7000F6DDB /* _5HardApp.swift in Sources */,
				B96A05F82BB9908D0031BD48 /* ChallengeGrid.swift in Sources */,
				B9CBF1D32BB23283002BBB25 /* ProgressBar.swift in Sources */,
				B99E685A2BB2CA9E00ACC32E /* DateElement.swift in Sources */,
				B96559862BB4C787005F5B11 /* HealthStore.swift in Sources */,
				B974F4372BBD8E4500EF111F /* ChallengeConstruct.swift in Sources */,
				B96929AF2BBDAE28006326B0 /* ChallengeConstructElement.swift in Sources */,
			);
			runOnlyForDeploymentPostprocessing = 0;
		};
		B90D0E3E2BB1FDFD000F6DDB /* Sources */ = {
			isa = PBXSourcesBuildPhase;
			buildActionMask = 2147483647;
			files = (
				B90D0E472BB1FDFD000F6DDB /* _5HardTests.swift in Sources */,
			);
			runOnlyForDeploymentPostprocessing = 0;
		};
		B90D0E482BB1FDFD000F6DDB /* Sources */ = {
			isa = PBXSourcesBuildPhase;
			buildActionMask = 2147483647;
			files = (
				B90D0E512BB1FDFD000F6DDB /* _5HardUITests.swift in Sources */,
				B90D0E532BB1FDFD000F6DDB /* _5HardUITestsLaunchTests.swift in Sources */,
			);
			runOnlyForDeploymentPostprocessing = 0;
		};
/* End PBXSourcesBuildPhase section */

/* Begin PBXTargetDependency section */
		B90D0E442BB1FDFD000F6DDB /* PBXTargetDependency */ = {
			isa = PBXTargetDependency;
			target = B90D0E312BB1FDF7000F6DDB /* 75Hard */;
			targetProxy = B90D0E432BB1FDFD000F6DDB /* PBXContainerItemProxy */;
		};
		B90D0E4E2BB1FDFD000F6DDB /* PBXTargetDependency */ = {
			isa = PBXTargetDependency;
			target = B90D0E312BB1FDF7000F6DDB /* 75Hard */;
			targetProxy = B90D0E4D2BB1FDFD000F6DDB /* PBXContainerItemProxy */;
		};
/* End PBXTargetDependency section */

/* Begin XCBuildConfiguration section */
		B90D0E542BB1FDFD000F6DDB /* Debug */ = {
			isa = XCBuildConfiguration;
			buildSettings = {
				ALWAYS_SEARCH_USER_PATHS = NO;
				ASSETCATALOG_COMPILER_GENERATE_SWIFT_ASSET_SYMBOL_EXTENSIONS = YES;
				CLANG_ANALYZER_NONNULL = YES;
				CLANG_ANALYZER_NUMBER_OBJECT_CONVERSION = YES_AGGRESSIVE;
				CLANG_CXX_LANGUAGE_STANDARD = "gnu++20";
				CLANG_ENABLE_MODULES = YES;
				CLANG_ENABLE_OBJC_ARC = YES;
				CLANG_ENABLE_OBJC_WEAK = YES;
				CLANG_WARN_BLOCK_CAPTURE_AUTORELEASING = YES;
				CLANG_WARN_BOOL_CONVERSION = YES;
				CLANG_WARN_COMMA = YES;
				CLANG_WARN_CONSTANT_CONVERSION = YES;
				CLANG_WARN_DEPRECATED_OBJC_IMPLEMENTATIONS = YES;
				CLANG_WARN_DIRECT_OBJC_ISA_USAGE = YES_ERROR;
				CLANG_WARN_DOCUMENTATION_COMMENTS = YES;
				CLANG_WARN_EMPTY_BODY = YES;
				CLANG_WARN_ENUM_CONVERSION = YES;
				CLANG_WARN_INFINITE_RECURSION = YES;
				CLANG_WARN_INT_CONVERSION = YES;
				CLANG_WARN_NON_LITERAL_NULL_CONVERSION = YES;
				CLANG_WARN_OBJC_IMPLICIT_RETAIN_SELF = YES;
				CLANG_WARN_OBJC_LITERAL_CONVERSION = YES;
				CLANG_WARN_OBJC_ROOT_CLASS = YES_ERROR;
				CLANG_WARN_QUOTED_INCLUDE_IN_FRAMEWORK_HEADER = YES;
				CLANG_WARN_RANGE_LOOP_ANALYSIS = YES;
				CLANG_WARN_STRICT_PROTOTYPES = YES;
				CLANG_WARN_SUSPICIOUS_MOVE = YES;
				CLANG_WARN_UNGUARDED_AVAILABILITY = YES_AGGRESSIVE;
				CLANG_WARN_UNREACHABLE_CODE = YES;
				CLANG_WARN__DUPLICATE_METHOD_MATCH = YES;
				COPY_PHASE_STRIP = NO;
				DEBUG_INFORMATION_FORMAT = dwarf;
				ENABLE_STRICT_OBJC_MSGSEND = YES;
				ENABLE_TESTABILITY = YES;
				ENABLE_USER_SCRIPT_SANDBOXING = YES;
				GCC_C_LANGUAGE_STANDARD = gnu17;
				GCC_DYNAMIC_NO_PIC = NO;
				GCC_NO_COMMON_BLOCKS = YES;
				GCC_OPTIMIZATION_LEVEL = 0;
				GCC_PREPROCESSOR_DEFINITIONS = (
					"DEBUG=1",
					"$(inherited)",
				);
				GCC_WARN_64_TO_32_BIT_CONVERSION = YES;
				GCC_WARN_ABOUT_RETURN_TYPE = YES_ERROR;
				GCC_WARN_UNDECLARED_SELECTOR = YES;
				GCC_WARN_UNINITIALIZED_AUTOS = YES_AGGRESSIVE;
				GCC_WARN_UNUSED_FUNCTION = YES;
				GCC_WARN_UNUSED_VARIABLE = YES;
				IPHONEOS_DEPLOYMENT_TARGET = 17.4;
				LOCALIZATION_PREFERS_STRING_CATALOGS = YES;
				MTL_ENABLE_DEBUG_INFO = INCLUDE_SOURCE;
				MTL_FAST_MATH = YES;
				ONLY_ACTIVE_ARCH = YES;
				SDKROOT = iphoneos;
				SWIFT_ACTIVE_COMPILATION_CONDITIONS = "DEBUG $(inherited)";
				SWIFT_OPTIMIZATION_LEVEL = "-Onone";
			};
			name = Debug;
		};
		B90D0E552BB1FDFD000F6DDB /* Release */ = {
			isa = XCBuildConfiguration;
			buildSettings = {
				ALWAYS_SEARCH_USER_PATHS = NO;
				ASSETCATALOG_COMPILER_GENERATE_SWIFT_ASSET_SYMBOL_EXTENSIONS = YES;
				CLANG_ANALYZER_NONNULL = YES;
				CLANG_ANALYZER_NUMBER_OBJECT_CONVERSION = YES_AGGRESSIVE;
				CLANG_CXX_LANGUAGE_STANDARD = "gnu++20";
				CLANG_ENABLE_MODULES = YES;
				CLANG_ENABLE_OBJC_ARC = YES;
				CLANG_ENABLE_OBJC_WEAK = YES;
				CLANG_WARN_BLOCK_CAPTURE_AUTORELEASING = YES;
				CLANG_WARN_BOOL_CONVERSION = YES;
				CLANG_WARN_COMMA = YES;
				CLANG_WARN_CONSTANT_CONVERSION = YES;
				CLANG_WARN_DEPRECATED_OBJC_IMPLEMENTATIONS = YES;
				CLANG_WARN_DIRECT_OBJC_ISA_USAGE = YES_ERROR;
				CLANG_WARN_DOCUMENTATION_COMMENTS = YES;
				CLANG_WARN_EMPTY_BODY = YES;
				CLANG_WARN_ENUM_CONVERSION = YES;
				CLANG_WARN_INFINITE_RECURSION = YES;
				CLANG_WARN_INT_CONVERSION = YES;
				CLANG_WARN_NON_LITERAL_NULL_CONVERSION = YES;
				CLANG_WARN_OBJC_IMPLICIT_RETAIN_SELF = YES;
				CLANG_WARN_OBJC_LITERAL_CONVERSION = YES;
				CLANG_WARN_OBJC_ROOT_CLASS = YES_ERROR;
				CLANG_WARN_QUOTED_INCLUDE_IN_FRAMEWORK_HEADER = YES;
				CLANG_WARN_RANGE_LOOP_ANALYSIS = YES;
				CLANG_WARN_STRICT_PROTOTYPES = YES;
				CLANG_WARN_SUSPICIOUS_MOVE = YES;
				CLANG_WARN_UNGUARDED_AVAILABILITY = YES_AGGRESSIVE;
				CLANG_WARN_UNREACHABLE_CODE = YES;
				CLANG_WARN__DUPLICATE_METHOD_MATCH = YES;
				COPY_PHASE_STRIP = NO;
				DEBUG_INFORMATION_FORMAT = "dwarf-with-dsym";
				ENABLE_NS_ASSERTIONS = NO;
				ENABLE_STRICT_OBJC_MSGSEND = YES;
				ENABLE_USER_SCRIPT_SANDBOXING = YES;
				GCC_C_LANGUAGE_STANDARD = gnu17;
				GCC_NO_COMMON_BLOCKS = YES;
				GCC_WARN_64_TO_32_BIT_CONVERSION = YES;
				GCC_WARN_ABOUT_RETURN_TYPE = YES_ERROR;
				GCC_WARN_UNDECLARED_SELECTOR = YES;
				GCC_WARN_UNINITIALIZED_AUTOS = YES_AGGRESSIVE;
				GCC_WARN_UNUSED_FUNCTION = YES;
				GCC_WARN_UNUSED_VARIABLE = YES;
				IPHONEOS_DEPLOYMENT_TARGET = 17.4;
				LOCALIZATION_PREFERS_STRING_CATALOGS = YES;
				MTL_ENABLE_DEBUG_INFO = NO;
				MTL_FAST_MATH = YES;
				SDKROOT = iphoneos;
				SWIFT_COMPILATION_MODE = wholemodule;
				VALIDATE_PRODUCT = YES;
			};
			name = Release;
		};
		B90D0E572BB1FDFD000F6DDB /* Debug */ = {
			isa = XCBuildConfiguration;
			buildSettings = {
				ASSETCATALOG_COMPILER_APPICON_NAME = AppIcon;
				ASSETCATALOG_COMPILER_GLOBAL_ACCENT_COLOR_NAME = AccentColor;
				CODE_SIGN_ENTITLEMENTS = 75Hard/75Hard.entitlements;
				CODE_SIGN_STYLE = Automatic;
				CURRENT_PROJECT_VERSION = 1;
				DEVELOPMENT_ASSET_PATHS = "\"75Hard/Preview Content\"";
				DEVELOPMENT_TEAM = U8YP2728YQ;
				ENABLE_PREVIEWS = YES;
				GENERATE_INFOPLIST_FILE = YES;
				INFOPLIST_KEY_LSApplicationCategoryType = "";
				INFOPLIST_KEY_NSFileProviderDomainUsageDescription = "";
				INFOPLIST_KEY_NSHealthShareUsageDescription = "This is needed for the step count challenge.";
				INFOPLIST_KEY_NSHealthUpdateUsageDescription = "This is needed for the step count challenge.";
				INFOPLIST_KEY_UIApplicationSceneManifest_Generation = YES;
				INFOPLIST_KEY_UIApplicationSupportsIndirectInputEvents = YES;
				INFOPLIST_KEY_UILaunchScreen_Generation = YES;
				INFOPLIST_KEY_UISupportedInterfaceOrientations = "UIInterfaceOrientationLandscapeLeft UIInterfaceOrientationLandscapeRight UIInterfaceOrientationPortrait";
				INFOPLIST_KEY_UISupportedInterfaceOrientations_iPad = "UIInterfaceOrientationLandscapeLeft UIInterfaceOrientationLandscapeRight UIInterfaceOrientationPortrait UIInterfaceOrientationPortraitUpsideDown";
				IPHONEOS_DEPLOYMENT_TARGET = 17.0;
				LD_RUNPATH_SEARCH_PATHS = (
					"$(inherited)",
					"@executable_path/Frameworks",
				);
				MARKETING_VERSION = 1.0;
				PRODUCT_BUNDLE_IDENTIFIER = com.julian.mueller.75Hard;
				PRODUCT_NAME = "$(TARGET_NAME)";
				SWIFT_EMIT_LOC_STRINGS = YES;
				SWIFT_VERSION = 5.0;
				TARGETED_DEVICE_FAMILY = "1,2";
			};
			name = Debug;
		};
		B90D0E582BB1FDFD000F6DDB /* Release */ = {
			isa = XCBuildConfiguration;
			buildSettings = {
				ASSETCATALOG_COMPILER_APPICON_NAME = AppIcon;
				ASSETCATALOG_COMPILER_GLOBAL_ACCENT_COLOR_NAME = AccentColor;
				CODE_SIGN_ENTITLEMENTS = 75Hard/75Hard.entitlements;
				CODE_SIGN_STYLE = Automatic;
				CURRENT_PROJECT_VERSION = 1;
				DEVELOPMENT_ASSET_PATHS = "\"75Hard/Preview Content\"";
				DEVELOPMENT_TEAM = U8YP2728YQ;
				ENABLE_PREVIEWS = YES;
				GENERATE_INFOPLIST_FILE = YES;
				INFOPLIST_KEY_LSApplicationCategoryType = "";
				INFOPLIST_KEY_NSFileProviderDomainUsageDescription = "";
				INFOPLIST_KEY_NSHealthShareUsageDescription = "This is needed for the step count challenge.";
				INFOPLIST_KEY_NSHealthUpdateUsageDescription = "This is needed for the step count challenge.";
				INFOPLIST_KEY_UIApplicationSceneManifest_Generation = YES;
				INFOPLIST_KEY_UIApplicationSupportsIndirectInputEvents = YES;
				INFOPLIST_KEY_UILaunchScreen_Generation = YES;
				INFOPLIST_KEY_UISupportedInterfaceOrientations = "UIInterfaceOrientationLandscapeLeft UIInterfaceOrientationLandscapeRight UIInterfaceOrientationPortrait";
				INFOPLIST_KEY_UISupportedInterfaceOrientations_iPad = "UIInterfaceOrientationLandscapeLeft UIInterfaceOrientationLandscapeRight UIInterfaceOrientationPortrait UIInterfaceOrientationPortraitUpsideDown";
				IPHONEOS_DEPLOYMENT_TARGET = 17.0;
				LD_RUNPATH_SEARCH_PATHS = (
					"$(inherited)",
					"@executable_path/Frameworks",
				);
				MARKETING_VERSION = 1.0;
				PRODUCT_BUNDLE_IDENTIFIER = com.julian.mueller.75Hard;
				PRODUCT_NAME = "$(TARGET_NAME)";
				SWIFT_EMIT_LOC_STRINGS = YES;
				SWIFT_VERSION = 5.0;
				TARGETED_DEVICE_FAMILY = "1,2";
			};
			name = Release;
		};
		B90D0E5A2BB1FDFD000F6DDB /* Debug */ = {
			isa = XCBuildConfiguration;
			buildSettings = {
				ALWAYS_EMBED_SWIFT_STANDARD_LIBRARIES = YES;
				BUNDLE_LOADER = "$(TEST_HOST)";
				CODE_SIGN_STYLE = Automatic;
				CURRENT_PROJECT_VERSION = 1;
				DEVELOPMENT_TEAM = U8YP2728YQ;
				GENERATE_INFOPLIST_FILE = YES;
				IPHONEOS_DEPLOYMENT_TARGET = 17.4;
				MARKETING_VERSION = 1.0;
				PRODUCT_BUNDLE_IDENTIFIER = "com.julianmueller.-5HardTests";
				PRODUCT_NAME = "$(TARGET_NAME)";
				SWIFT_EMIT_LOC_STRINGS = NO;
				SWIFT_VERSION = 5.0;
				TARGETED_DEVICE_FAMILY = "1,2";
				TEST_HOST = "$(BUILT_PRODUCTS_DIR)/75Hard.app/$(BUNDLE_EXECUTABLE_FOLDER_PATH)/75Hard";
			};
			name = Debug;
		};
		B90D0E5B2BB1FDFD000F6DDB /* Release */ = {
			isa = XCBuildConfiguration;
			buildSettings = {
				ALWAYS_EMBED_SWIFT_STANDARD_LIBRARIES = YES;
				BUNDLE_LOADER = "$(TEST_HOST)";
				CODE_SIGN_STYLE = Automatic;
				CURRENT_PROJECT_VERSION = 1;
				DEVELOPMENT_TEAM = U8YP2728YQ;
				GENERATE_INFOPLIST_FILE = YES;
				IPHONEOS_DEPLOYMENT_TARGET = 17.4;
				MARKETING_VERSION = 1.0;
				PRODUCT_BUNDLE_IDENTIFIER = "com.julianmueller.-5HardTests";
				PRODUCT_NAME = "$(TARGET_NAME)";
				SWIFT_EMIT_LOC_STRINGS = NO;
				SWIFT_VERSION = 5.0;
				TARGETED_DEVICE_FAMILY = "1,2";
				TEST_HOST = "$(BUILT_PRODUCTS_DIR)/75Hard.app/$(BUNDLE_EXECUTABLE_FOLDER_PATH)/75Hard";
			};
			name = Release;
		};
		B90D0E5D2BB1FDFD000F6DDB /* Debug */ = {
			isa = XCBuildConfiguration;
			buildSettings = {
				ALWAYS_EMBED_SWIFT_STANDARD_LIBRARIES = YES;
				CODE_SIGN_STYLE = Automatic;
				CURRENT_PROJECT_VERSION = 1;
				DEVELOPMENT_TEAM = U8YP2728YQ;
				GENERATE_INFOPLIST_FILE = YES;
				MARKETING_VERSION = 1.0;
				PRODUCT_BUNDLE_IDENTIFIER = "com.julianmueller.-5HardUITests";
				PRODUCT_NAME = "$(TARGET_NAME)";
				SWIFT_EMIT_LOC_STRINGS = NO;
				SWIFT_VERSION = 5.0;
				TARGETED_DEVICE_FAMILY = "1,2";
				TEST_TARGET_NAME = 75Hard;
			};
			name = Debug;
		};
		B90D0E5E2BB1FDFD000F6DDB /* Release */ = {
			isa = XCBuildConfiguration;
			buildSettings = {
				ALWAYS_EMBED_SWIFT_STANDARD_LIBRARIES = YES;
				CODE_SIGN_STYLE = Automatic;
				CURRENT_PROJECT_VERSION = 1;
				DEVELOPMENT_TEAM = U8YP2728YQ;
				GENERATE_INFOPLIST_FILE = YES;
				MARKETING_VERSION = 1.0;
				PRODUCT_BUNDLE_IDENTIFIER = "com.julianmueller.-5HardUITests";
				PRODUCT_NAME = "$(TARGET_NAME)";
				SWIFT_EMIT_LOC_STRINGS = NO;
				SWIFT_VERSION = 5.0;
				TARGETED_DEVICE_FAMILY = "1,2";
				TEST_TARGET_NAME = 75Hard;
			};
			name = Release;
		};
/* End XCBuildConfiguration section */

/* Begin XCConfigurationList section */
		B90D0E2D2BB1FDF7000F6DDB /* Build configuration list for PBXProject "75Hard" */ = {
			isa = XCConfigurationList;
			buildConfigurations = (
				B90D0E542BB1FDFD000F6DDB /* Debug */,
				B90D0E552BB1FDFD000F6DDB /* Release */,
			);
			defaultConfigurationIsVisible = 0;
			defaultConfigurationName = Release;
		};
		B90D0E562BB1FDFD000F6DDB /* Build configuration list for PBXNativeTarget "75Hard" */ = {
			isa = XCConfigurationList;
			buildConfigurations = (
				B90D0E572BB1FDFD000F6DDB /* Debug */,
				B90D0E582BB1FDFD000F6DDB /* Release */,
			);
			defaultConfigurationIsVisible = 0;
			defaultConfigurationName = Release;
		};
		B90D0E592BB1FDFD000F6DDB /* Build configuration list for PBXNativeTarget "75HardTests" */ = {
			isa = XCConfigurationList;
			buildConfigurations = (
				B90D0E5A2BB1FDFD000F6DDB /* Debug */,
				B90D0E5B2BB1FDFD000F6DDB /* Release */,
			);
			defaultConfigurationIsVisible = 0;
			defaultConfigurationName = Release;
		};
		B90D0E5C2BB1FDFD000F6DDB /* Build configuration list for PBXNativeTarget "75HardUITests" */ = {
			isa = XCConfigurationList;
			buildConfigurations = (
				B90D0E5D2BB1FDFD000F6DDB /* Debug */,
				B90D0E5E2BB1FDFD000F6DDB /* Release */,
			);
			defaultConfigurationIsVisible = 0;
			defaultConfigurationName = Release;
		};
/* End XCConfigurationList section */
	};
	rootObject = B90D0E2A2BB1FDF7000F6DDB /* Project object */;
}
